github.com/agilira/flash-flags v1.1.8 h1:ceDp6hxIrAn8WPWdqsRA+sYOPb6Sht00ksUfemIgfj8=
github.com/agilira/flash-flags v1.1.8/go.mod h1:ANHrYcqhbLzb4/1tENVi3ljHYixnm43wiX2YajI0XSU=
github.com/agilira/go-errors v1.1.2 h1:ksOx5zi88VZCXOKh2IAYFLK6dQeVlE4EjxIA8CVmeOI=
github.com/agilira/go-errors v1.1.2/go.mod h1:ciAR1Rs6aWYqG195/BDVYABTvlNnRNo6pX6eUhbIGDY=
github.com/agilira/go-timecache v1.0.2 h1:8tmWsNhhXxmvopotfkX+IBnb+0wpclytdnsA3wPfmk4=
github.com/agilira/go-timecache v1.0.2/go.mod h1:Td47wj2NGJVCV+G4y+RlfHapluz4STXDeS1cQ1SqKDo=
golang.org/x/sys v0.46.0 h1:noSf2Fq6F8DBgS+LysIkx7rIExoNHJsxOAtPp4rthXw=
golang.org/x/sys v0.46.0/go.mod h1:4GL1E5IUh+htKOUEOaiffhrAeqysfVGipDYzABqnCmw=
golang.org/x/term v0.44.0 h1:0rLvDRCtNj0gZkyIXhCyOb2OAzEhLVqc4B+hrsBhrmc=
golang.org/x/term v0.44.0/go.mod h1:7ze4MdzUzLXpSAoFP1H0bOI9aXDqveSvatT5vKcFh2Y=
