github.com/agilira/flash-flags v1.0.7 h1:BlF6FrxsPDEdD3tY6okcAFrS6GK73pWOyBiAWqwSBrQ=
github.com/agilira/flash-flags v1.0.7/go.mod h1:vuuo9FRN+ZgREaa1WYRmUFac/h3+CwuvD4EvjF5JNIQ=
github.com/agilira/go-errors v1.1.0 h1:97cBNEDo6q2pKzkr/YqlqWq3fa5rOU8E4LOnSsCmWck=
github.com/agilira/go-errors v1.1.0/go.mod h1:YEeM2sVXg2w/GmDVZ2m2nH2kJ2Aa34OvbTA6w3JzVbY=
