github.com/agilira/flash-flags v1.0.2 h1:EP346L9Osmw9bSBRvGgUcu6xXIBqWmG98NakuNJQRgw=
github.com/agilira/flash-flags v1.0.2/go.mod h1:vuuo9FRN+ZgREaa1WYRmUFac/h3+CwuvD4EvjF5JNIQ=
github.com/agilira/flash-flags v1.0.3 h1:k+6kB0sv02/njP3BliBv+u5AhappkfDflj7WRL7Exuo=
github.com/agilira/flash-flags v1.0.3/go.mod h1:vuuo9FRN+ZgREaa1WYRmUFac/h3+CwuvD4EvjF5JNIQ=
github.com/agilira/go-errors v1.1.0 h1:97cBNEDo6q2pKzkr/YqlqWq3fa5rOU8E4LOnSsCmWck=
github.com/agilira/go-errors v1.1.0/go.mod h1:YEeM2sVXg2w/GmDVZ2m2nH2kJ2Aa34OvbTA6w3JzVbY=
