github.com/agilira/flash-flags v1.0.1 h1:998q2+JFFoRDPrkznCjTLDLEB2D5ta6Ma2fFFf8FO6o=
github.com/agilira/flash-flags v1.0.1/go.mod h1:vuuo9FRN+ZgREaa1WYRmUFac/h3+CwuvD4EvjF5JNIQ=
github.com/agilira/go-errors v1.1.0 h1:97cBNEDo6q2pKzkr/YqlqWq3fa5rOU8E4LOnSsCmWck=
github.com/agilira/go-errors v1.1.0/go.mod h1:YEeM2sVXg2w/GmDVZ2m2nH2kJ2Aa34OvbTA6w3JzVbY=
