github.com/agilira/flash-flags v1.0.3 h1:k+6kB0sv02/njP3BliBv+u5AhappkfDflj7WRL7Exuo=
github.com/agilira/flash-flags v1.0.3/go.mod h1:vuuo9FRN+ZgREaa1WYRmUFac/h3+CwuvD4EvjF5JNIQ=
github.com/agilira/go-errors v1.0.2 h1:+NCL7EsxLAJ5i2NU8V+nmqSWYkXmJSHvmgKIo8JOHUk=
github.com/agilira/go-errors v1.0.2/go.mod h1:PjmCIt/5BO7N8VdM2v4x31Tepo7PjFSWdyEQjB8J/JU=
github.com/agilira/go-timecache v1.0.2 h1:8tmWsNhhXxmvopotfkX+IBnb+0wpclytdnsA3wPfmk4=
github.com/agilira/go-timecache v1.0.2/go.mod h1:Td47wj2NGJVCV+G4y+RlfHapluz4STXDeS1cQ1SqKDo=
